
Microsoft Visual Studio Solution File, Format Version 12.00
# Visual Studio 2017
Project("{FAE04EC0-301F-11D3-BF4B-00C04F79EFBC}") = "Proyecto_Final", "Proyecto_Final.csproj", "{56372C4A-FD31-2ED2-093E-940ACF3D300D}"
EndProject
Project("{FAE04EC0-301F-11D3-BF4B-00C04F79EFBC}") = "Proyecto_Final.Editor", "Proyecto_Final.Editor.csproj", "{61BCABE1-F75E-5759-CA38-8731C3F422D8}"
EndProject
Global
	GlobalSection(SolutionConfigurationPlatforms) = preSolution
		Debug|Any CPU = Debug|Any CPU
		Release|Any CPU = Release|Any CPU
	EndGlobalSection
	GlobalSection(ProjectConfigurationPlatforms) = postSolution
		{56372C4A-FD31-2ED2-093E-940ACF3D300D}.Debug|Any CPU.ActiveCfg = Debug|Any CPU
		{56372C4A-FD31-2ED2-093E-940ACF3D300D}.Debug|Any CPU.Build.0 = Debug|Any CPU
		{56372C4A-FD31-2ED2-093E-940ACF3D300D}.Release|Any CPU.ActiveCfg = Release|Any CPU
		{56372C4A-FD31-2ED2-093E-940ACF3D300D}.Release|Any CPU.Build.0 = Release|Any CPU
		{61BCABE1-F75E-5759-CA38-8731C3F422D8}.Debug|Any CPU.ActiveCfg = Debug|Any CPU
		{61BCABE1-F75E-5759-CA38-8731C3F422D8}.Debug|Any CPU.Build.0 = Debug|Any CPU
		{61BCABE1-F75E-5759-CA38-8731C3F422D8}.Release|Any CPU.ActiveCfg = Release|Any CPU
		{61BCABE1-F75E-5759-CA38-8731C3F422D8}.Release|Any CPU.Build.0 = Release|Any CPU
	EndGlobalSection
	GlobalSection(SolutionProperties) = preSolution
		HideSolutionNode = FALSE
	EndGlobalSection
EndGlobal
